
Microsoft Visual Studio Solution File, Format Version 12.00
# Visual Studio Version 16
VisualStudioVersion = 16.0.29806.167
MinimumVisualStudioVersion = 10.0.40219.1
Project("{F2A71F9B-5D33-465A-A702-920D77279786}") = "TestApp", "TestApp\TestApp.fsproj", "{F87A7E35-06A6-4C04-A231-B2A3BBAB2D77}"
EndProject
Global
	GlobalSection(SolutionConfigurationPlatforms) = preSolution
		Debug|Any CPU = Debug|Any CPU
		Release|Any CPU = Release|Any CPU
	EndGlobalSection
	GlobalSection(ProjectConfigurationPlatforms) = postSolution
		{F87A7E35-06A6-4C04-A231-B2A3BBAB2D77}.Debug|Any CPU.ActiveCfg = Debug|Any CPU
		{F87A7E35-06A6-4C04-A231-B2A3BBAB2D77}.Debug|Any CPU.Build.0 = Debug|Any CPU
		{F87A7E35-06A6-4C04-A231-B2A3BBAB2D77}.Release|Any CPU.ActiveCfg = Release|Any CPU
		{F87A7E35-06A6-4C04-A231-B2A3BBAB2D77}.Release|Any CPU.Build.0 = Release|Any CPU
	EndGlobalSection
	GlobalSection(SolutionProperties) = preSolution
		HideSolutionNode = FALSE
	EndGlobalSection
	GlobalSection(ExtensibilityGlobals) = postSolution
		SolutionGuid = {584141F2-FE6C-4165-8C73-16ED9C4067B4}
	EndGlobalSection
EndGlobal
